{
  "name": "vtyx",
  "version": "0.0.1",
  "lockfileVersion": 1,
  "requires": true,
  "dependencies": {
    "@types/bootstrap": {
      "version": "3.3.42",
      "resolved": "https://registry.npmjs.org/@types/bootstrap/-/bootstrap-3.3.42.tgz",
      "integrity": "sha512-ERkg6+Doymm2Uv/+jvqgxmoDLr6vz7wThaS2523QoY/tcTuw7HKrF5v06u2Ga3nEu0+iVTnNk7HLIzgm6ZZh8A==",
      "dev": true,
      "requires": {
        "@types/jquery": "*"
      }
    },
    "@types/estree": {
      "version": "0.0.39",
      "resolved": "https://registry.npmjs.org/@types/estree/-/estree-0.0.39.tgz",
      "integrity": "sha512-EYNwp3bU+98cpU4lAWYYL7Zz+2gryWH1qbdDTidVd6hkiR6weksdbMadyXKXNPEkQFhXM+hVO9ZygomHXp+AIw==",
      "dev": true
    },
    "@types/jquery": {
      "version": "2.0.48",
      "resolved": "https://registry.npmjs.org/@types/jquery/-/jquery-2.0.48.tgz",
      "integrity": "sha512-nNLzUrVjaRV/Ds1eHZLYTd7IZxs38cwwLSaqMJj8OTXY8xNUbxSK69bi9cMLvQ7dm/IBeQ1wHwQ0S1uYa0rd2w==",
      "dev": true
    },
    "@types/node": {
      "version": "11.13.11",
      "resolved": "https://registry.npmjs.org/@types/node/-/node-11.13.11.tgz",
      "integrity": "sha512-blLeR+KIy26km1OU8yTLUlSyVCOvT6+wPq/77tIA+uSHHa4yYQosn+bbaJqPtWId0wjVClUtD7aXzDbZeKWqig==",
      "dev": true
    },
    "@types/underscore": {
      "version": "1.8.0",
      "resolved": "https://registry.npmjs.org/@types/underscore/-/underscore-1.8.0.tgz",
      "integrity": "sha1-eiLvWE1v5Zry5Ae64Hnit/ilEC8=",
      "dev": true
    },
    "acorn": {
      "version": "6.1.1",
      "resolved": "https://registry.npmjs.org/acorn/-/acorn-6.1.1.tgz",
      "integrity": "sha512-jPTiwtOxaHNaAPg/dmrJ/beuzLRnXtB0kQPQ8JpotKJgTB6rX6c8mlf315941pyjBSaPg8NHXS9fhP4u17DpGA==",
      "dev": true
    },
    "bootstrap": {
      "version": "3.3.7",
      "resolved": "https://registry.npmjs.org/bootstrap/-/bootstrap-3.3.7.tgz",
      "integrity": "sha1-WjiTlFSfIzMIdaOxUGVldPip63E="
    },
    "jquery": {
      "version": "3.4.1",
      "resolved": "https://registry.npmjs.org/jquery/-/jquery-3.4.1.tgz",
      "integrity": "sha512-36+AdBzCL+y6qjw5Tx7HgzeGCzC81MDDgaUP8ld2zhx58HdqXGoBd+tHdrBMiyjGQs0Hxs/MLZTu/eHNJJuWPw=="
    },
    "rollup": {
      "version": "1.11.3",
      "resolved": "https://registry.npmjs.org/rollup/-/rollup-1.11.3.tgz",
      "integrity": "sha512-81MR7alHcFKxgWzGfG7jSdv+JQxSOIOD/Fa3iNUmpzbd7p+V19e1l9uffqT8/7YAHgGOzmoPGN3Fx3L2ptOf5g==",
      "dev": true,
      "requires": {
        "@types/estree": "0.0.39",
        "@types/node": "^11.13.9",
        "acorn": "^6.1.1"
      }
    },
    "typescript": {
      "version": "3.4.5",
      "resolved": "https://registry.npmjs.org/typescript/-/typescript-3.4.5.tgz",
      "integrity": "sha512-YycBxUb49UUhdNMU5aJ7z5Ej2XGmaIBL0x34vZ82fn3hGvD+bgrMrVDpatgz2f7YxUMJxMkbWxJZeAvDxVe7Vw==",
      "dev": true
    },
    "underscore": {
      "version": "1.8.3",
      "resolved": "https://registry.npmjs.org/underscore/-/underscore-1.8.3.tgz",
      "integrity": "sha1-Tz+1OxBuYJf8+ctBCfKl6b36UCI="
    },
    "vue": {
      "version": "2.6.10",
      "resolved": "https://registry.npmjs.org/vue/-/vue-2.6.10.tgz",
      "integrity": "sha512-ImThpeNU9HbdZL3utgMCq0oiMzAkt1mcgy3/E6zWC/G6AaQoeuFdsl9nDhTDU3X1R6FK7nsIUuRACVcjI+A2GQ=="
    },
    "vue-class-component": {
      "version": "7.1.0",
      "resolved": "https://registry.npmjs.org/vue-class-component/-/vue-class-component-7.1.0.tgz",
      "integrity": "sha512-G9152NzUkz0i0xTfhk0Afc8vzdXxDR1pfN4dTwE72cskkgJtdXfrKBkMfGvDuxUh35U500g5Ve4xL8PEGdWeHg=="
    },
    "vue-property-decorator": {
      "version": "8.1.1",
      "resolved": "https://registry.npmjs.org/vue-property-decorator/-/vue-property-decorator-8.1.1.tgz",
      "integrity": "sha512-K+PUT17ZEMWyhrKZnl4Fc9qMyFpMcjVbZJBwx4BpA8BXfaspaTeFdoHuk1aywC/+4G86sxIr/5n4IQUQLecSWw==",
      "requires": {
        "vue-class-component": "^7.0.1"
      }
    }
  }
}
